// !$*UTF8*$!
{
	archiveVersion = 1;
	classes = {
	};
	objectVersion = 50;
	objects = {

/* Begin PBXBuildFile section */
		807ACF9C231D3D8C0054E614 /* AppDelegate.m in Sources */ = {isa = PBXBuildFile; fileRef = 807ACF9B231D3D8C0054E614 /* AppDelegate.m */; };
		807ACF9F231D3D8C0054E614 /* MatchingGameViewController.m in Sources */ = {isa = PBXBuildFile; fileRef = 807ACF9E231D3D8C0054E614 /* MatchingGameViewController.m */; };
		807ACFA2231D3D8C0054E614 /* Main.storyboard in Resources */ = {isa = PBXBuildFile; fileRef = 807ACFA0231D3D8C0054E614 /* Main.storyboard */; };
		807ACFA4231D3D8E0054E614 /* Assets.xcassets in Resources */ = {isa = PBXBuildFile; fileRef = 807ACFA3231D3D8E0054E614 /* Assets.xcassets */; };
		807ACFA7231D3D8E0054E614 /* LaunchScreen.storyboard in Resources */ = {isa = PBXBuildFile; fileRef = 807ACFA5231D3D8E0054E614 /* LaunchScreen.storyboard */; };
		807ACFAA231D3D8E0054E614 /* main.m in Sources */ = {isa = PBXBuildFile; fileRef = 807ACFA9231D3D8E0054E614 /* main.m */; };
		807ACFB4231D3D8E0054E614 /* MatchismoTests.m in Sources */ = {isa = PBXBuildFile; fileRef = 807ACFB3231D3D8E0054E614 /* MatchismoTests.m */; };
		807ACFBF231D3D8E0054E614 /* MatchismoUITests.m in Sources */ = {isa = PBXBuildFile; fileRef = 807ACFBE231D3D8E0054E614 /* MatchismoUITests.m */; };
		807ACFCE231D48250054E614 /* Card.m in Sources */ = {isa = PBXBuildFile; fileRef = 807ACFCD231D48250054E614 /* Card.m */; };
		807ACFD1231D4C160054E614 /* Deck.m in Sources */ = {isa = PBXBuildFile; fileRef = 807ACFD0231D4C160054E614 /* Deck.m */; };
		807ACFD7231D54C50054E614 /* PlayingCard.m in Sources */ = {isa = PBXBuildFile; fileRef = 807ACFD6231D54C50054E614 /* PlayingCard.m */; };
		807ACFDA231D6C1C0054E614 /* PlayDeck.m in Sources */ = {isa = PBXBuildFile; fileRef = 807ACFD9231D6C1C0054E614 /* PlayDeck.m */; };
		807ACFDD231FC46B0054E614 /* MatchingGame.m in Sources */ = {isa = PBXBuildFile; fileRef = 807ACFDC231FC46B0054E614 /* MatchingGame.m */; };
		808880EC2328EB0F001CDDAF /* SetCard.m in Sources */ = {isa = PBXBuildFile; fileRef = 808880EB2328EB0F001CDDAF /* SetCard.m */; };
		808880EF2328EBE9001CDDAF /* PlayingCardMatchingGame.m in Sources */ = {isa = PBXBuildFile; fileRef = 808880EE2328EBE9001CDDAF /* PlayingCardMatchingGame.m */; };
		808880F223291D09001CDDAF /* SetDeck.m in Sources */ = {isa = PBXBuildFile; fileRef = 808880F123291D09001CDDAF /* SetDeck.m */; };
		808880F9232E4CB9001CDDAF /* setGame.m in Sources */ = {isa = PBXBuildFile; fileRef = 808880F8232E4CB9001CDDAF /* setGame.m */; };
		808880FC232E57D5001CDDAF /* PlayingCardViewController.m in Sources */ = {isa = PBXBuildFile; fileRef = 808880FB232E57D5001CDDAF /* PlayingCardViewController.m */; };
		808880FF232E667D001CDDAF /* SetViewController.m in Sources */ = {isa = PBXBuildFile; fileRef = 808880FE232E667D001CDDAF /* SetViewController.m */; };
		80A848BC23339C2600001FBF /* PlayingCardView.m in Sources */ = {isa = PBXBuildFile; fileRef = 80A848BA23339C2600001FBF /* PlayingCardView.m */; };
		80A848C623339DC000001FBF /* SetCardView.m in Sources */ = {isa = PBXBuildFile; fileRef = 80A848C523339DC000001FBF /* SetCardView.m */; };
		80A848C923339E5000001FBF /* CardView.m in Sources */ = {isa = PBXBuildFile; fileRef = 80A848C823339E5000001FBF /* CardView.m */; };
		80A848CF2333A13100001FBF /* ViewController.m in Sources */ = {isa = PBXBuildFile; fileRef = 80A848CE2333A13100001FBF /* ViewController.m */; };
		80A848D22333AA8A00001FBF /* BasicShapeView.m in Sources */ = {isa = PBXBuildFile; fileRef = 80A848D12333AA8A00001FBF /* BasicShapeView.m */; };
		80BB0459233898F600467075 /* Grid.m in Sources */ = {isa = PBXBuildFile; fileRef = 80BB0458233898F600467075 /* Grid.m */; };
/* End PBXBuildFile section */

/* Begin PBXContainerItemProxy section */
		807ACFB0231D3D8E0054E614 /* PBXContainerItemProxy */ = {
			isa = PBXContainerItemProxy;
			containerPortal = 807ACF8F231D3D8C0054E614 /* Project object */;
			proxyType = 1;
			remoteGlobalIDString = 807ACF96231D3D8C0054E614;
			remoteInfo = Matchismo;
		};
		807ACFBB231D3D8E0054E614 /* PBXContainerItemProxy */ = {
			isa = PBXContainerItemProxy;
			containerPortal = 807ACF8F231D3D8C0054E614 /* Project object */;
			proxyType = 1;
			remoteGlobalIDString = 807ACF96231D3D8C0054E614;
			remoteInfo = Matchismo;
		};
/* End PBXContainerItemProxy section */

/* Begin PBXFileReference section */
		807ACF97231D3D8C0054E614 /* Matchismo.app */ = {isa = PBXFileReference; explicitFileType = wrapper.application; includeInIndex = 0; path = Matchismo.app; sourceTree = BUILT_PRODUCTS_DIR; };
		807ACF9A231D3D8C0054E614 /* AppDelegate.h */ = {isa = PBXFileReference; lastKnownFileType = sourcecode.c.h; path = AppDelegate.h; sourceTree = "<group>"; };
		807ACF9B231D3D8C0054E614 /* AppDelegate.m */ = {isa = PBXFileReference; lastKnownFileType = sourcecode.c.objc; path = AppDelegate.m; sourceTree = "<group>"; };
		807ACF9D231D3D8C0054E614 /* MatchingGameViewController.h */ = {isa = PBXFileReference; lastKnownFileType = sourcecode.c.h; path = MatchingGameViewController.h; sourceTree = "<group>"; };
		807ACF9E231D3D8C0054E614 /* MatchingGameViewController.m */ = {isa = PBXFileReference; lastKnownFileType = sourcecode.c.objc; path = MatchingGameViewController.m; sourceTree = "<group>"; };
		807ACFA1231D3D8C0054E614 /* Base */ = {isa = PBXFileReference; lastKnownFileType = file.storyboard; name = Base; path = Base.lproj/Main.storyboard; sourceTree = "<group>"; };
		807ACFA3231D3D8E0054E614 /* Assets.xcassets */ = {isa = PBXFileReference; lastKnownFileType = folder.assetcatalog; path = Assets.xcassets; sourceTree = "<group>"; };
		807ACFA6231D3D8E0054E614 /* Base */ = {isa = PBXFileReference; lastKnownFileType = file.storyboard; name = Base; path = Base.lproj/LaunchScreen.storyboard; sourceTree = "<group>"; };
		807ACFA8231D3D8E0054E614 /* Info.plist */ = {isa = PBXFileReference; lastKnownFileType = text.plist.xml; path = Info.plist; sourceTree = "<group>"; };
		807ACFA9231D3D8E0054E614 /* main.m */ = {isa = PBXFileReference; lastKnownFileType = sourcecode.c.objc; path = main.m; sourceTree = "<group>"; };
		807ACFAF231D3D8E0054E614 /* MatchismoTests.xctest */ = {isa = PBXFileReference; explicitFileType = wrapper.cfbundle; includeInIndex = 0; path = MatchismoTests.xctest; sourceTree = BUILT_PRODUCTS_DIR; };
		807ACFB3231D3D8E0054E614 /* MatchismoTests.m */ = {isa = PBXFileReference; lastKnownFileType = sourcecode.c.objc; path = MatchismoTests.m; sourceTree = "<group>"; };
		807ACFB5231D3D8E0054E614 /* Info.plist */ = {isa = PBXFileReference; lastKnownFileType = text.plist.xml; path = Info.plist; sourceTree = "<group>"; };
		807ACFBA231D3D8E0054E614 /* MatchismoUITests.xctest */ = {isa = PBXFileReference; explicitFileType = wrapper.cfbundle; includeInIndex = 0; path = MatchismoUITests.xctest; sourceTree = BUILT_PRODUCTS_DIR; };
		807ACFBE231D3D8E0054E614 /* MatchismoUITests.m */ = {isa = PBXFileReference; lastKnownFileType = sourcecode.c.objc; path = MatchismoUITests.m; sourceTree = "<group>"; };
		807ACFC0231D3D8E0054E614 /* Info.plist */ = {isa = PBXFileReference; lastKnownFileType = text.plist.xml; path = Info.plist; sourceTree = "<group>"; };
		807ACFCC231D48250054E614 /* Card.h */ = {isa = PBXFileReference; lastKnownFileType = sourcecode.c.h; path = Card.h; sourceTree = "<group>"; };
		807ACFCD231D48250054E614 /* Card.m */ = {isa = PBXFileReference; lastKnownFileType = sourcecode.c.objc; path = Card.m; sourceTree = "<group>"; };
		807ACFCF231D4C160054E614 /* Deck.h */ = {isa = PBXFileReference; lastKnownFileType = sourcecode.c.h; path = Deck.h; sourceTree = "<group>"; };
		807ACFD0231D4C160054E614 /* Deck.m */ = {isa = PBXFileReference; lastKnownFileType = sourcecode.c.objc; path = Deck.m; sourceTree = "<group>"; };
		807ACFD5231D54C50054E614 /* PlayingCard.h */ = {isa = PBXFileReference; lastKnownFileType = sourcecode.c.h; path = PlayingCard.h; sourceTree = "<group>"; };
		807ACFD6231D54C50054E614 /* PlayingCard.m */ = {isa = PBXFileReference; lastKnownFileType = sourcecode.c.objc; path = PlayingCard.m; sourceTree = "<group>"; };
		807ACFD8231D6C1C0054E614 /* PlayDeck.h */ = {isa = PBXFileReference; lastKnownFileType = sourcecode.c.h; path = PlayDeck.h; sourceTree = "<group>"; };
		807ACFD9231D6C1C0054E614 /* PlayDeck.m */ = {isa = PBXFileReference; lastKnownFileType = sourcecode.c.objc; path = PlayDeck.m; sourceTree = "<group>"; };
		807ACFDB231FC46B0054E614 /* MatchingGame.h */ = {isa = PBXFileReference; lastKnownFileType = sourcecode.c.h; path = MatchingGame.h; sourceTree = "<group>"; };
		807ACFDC231FC46B0054E614 /* MatchingGame.m */ = {isa = PBXFileReference; lastKnownFileType = sourcecode.c.objc; path = MatchingGame.m; sourceTree = "<group>"; };
		808880EA2328EB0F001CDDAF /* SetCard.h */ = {isa = PBXFileReference; lastKnownFileType = sourcecode.c.h; path = SetCard.h; sourceTree = "<group>"; };
		808880EB2328EB0F001CDDAF /* SetCard.m */ = {isa = PBXFileReference; lastKnownFileType = sourcecode.c.objc; path = SetCard.m; sourceTree = "<group>"; };
		808880ED2328EBE9001CDDAF /* PlayingCardMatchingGame.h */ = {isa = PBXFileReference; lastKnownFileType = sourcecode.c.h; path = PlayingCardMatchingGame.h; sourceTree = "<group>"; };
		808880EE2328EBE9001CDDAF /* PlayingCardMatchingGame.m */ = {isa = PBXFileReference; lastKnownFileType = sourcecode.c.objc; path = PlayingCardMatchingGame.m; sourceTree = "<group>"; };
		808880F023291D09001CDDAF /* SetDeck.h */ = {isa = PBXFileReference; lastKnownFileType = sourcecode.c.h; path = SetDeck.h; sourceTree = "<group>"; };
		808880F123291D09001CDDAF /* SetDeck.m */ = {isa = PBXFileReference; lastKnownFileType = sourcecode.c.objc; path = SetDeck.m; sourceTree = "<group>"; };
		808880F7232E4CB9001CDDAF /* setGame.h */ = {isa = PBXFileReference; lastKnownFileType = sourcecode.c.h; path = setGame.h; sourceTree = "<group>"; };
		808880F8232E4CB9001CDDAF /* setGame.m */ = {isa = PBXFileReference; lastKnownFileType = sourcecode.c.objc; path = setGame.m; sourceTree = "<group>"; };
		808880FA232E57D5001CDDAF /* PlayingCardViewController.h */ = {isa = PBXFileReference; lastKnownFileType = sourcecode.c.h; path = PlayingCardViewController.h; sourceTree = "<group>"; };
		808880FB232E57D5001CDDAF /* PlayingCardViewController.m */ = {isa = PBXFileReference; lastKnownFileType = sourcecode.c.objc; path = PlayingCardViewController.m; sourceTree = "<group>"; };
		808880FD232E667D001CDDAF /* SetViewController.h */ = {isa = PBXFileReference; lastKnownFileType = sourcecode.c.h; path = SetViewController.h; sourceTree = "<group>"; };
		808880FE232E667D001CDDAF /* SetViewController.m */ = {isa = PBXFileReference; lastKnownFileType = sourcecode.c.objc; path = SetViewController.m; sourceTree = "<group>"; };
		80A848BA23339C2600001FBF /* PlayingCardView.m */ = {isa = PBXFileReference; fileEncoding = 4; lastKnownFileType = sourcecode.c.objc; path = PlayingCardView.m; sourceTree = "<group>"; };
		80A848BB23339C2600001FBF /* PlayingCardView.h */ = {isa = PBXFileReference; fileEncoding = 4; lastKnownFileType = sourcecode.c.h; path = PlayingCardView.h; sourceTree = "<group>"; };
		80A848C423339DC000001FBF /* SetCardView.h */ = {isa = PBXFileReference; lastKnownFileType = sourcecode.c.h; path = SetCardView.h; sourceTree = "<group>"; };
		80A848C523339DC000001FBF /* SetCardView.m */ = {isa = PBXFileReference; lastKnownFileType = sourcecode.c.objc; path = SetCardView.m; sourceTree = "<group>"; };
		80A848C723339E5000001FBF /* CardView.h */ = {isa = PBXFileReference; lastKnownFileType = sourcecode.c.h; path = CardView.h; sourceTree = "<group>"; };
		80A848C823339E5000001FBF /* CardView.m */ = {isa = PBXFileReference; lastKnownFileType = sourcecode.c.objc; path = CardView.m; sourceTree = "<group>"; };
		80A848CD2333A13100001FBF /* ViewController.h */ = {isa = PBXFileReference; lastKnownFileType = sourcecode.c.h; path = ViewController.h; sourceTree = "<group>"; };
		80A848CE2333A13100001FBF /* ViewController.m */ = {isa = PBXFileReference; lastKnownFileType = sourcecode.c.objc; path = ViewController.m; sourceTree = "<group>"; };
		80A848D02333AA8A00001FBF /* BasicShapeView.h */ = {isa = PBXFileReference; lastKnownFileType = sourcecode.c.h; path = BasicShapeView.h; sourceTree = "<group>"; };
		80A848D12333AA8A00001FBF /* BasicShapeView.m */ = {isa = PBXFileReference; lastKnownFileType = sourcecode.c.objc; path = BasicShapeView.m; sourceTree = "<group>"; };
		80BB0457233898F600467075 /* Grid.h */ = {isa = PBXFileReference; lastKnownFileType = sourcecode.c.h; path = Grid.h; sourceTree = "<group>"; };
		80BB0458233898F600467075 /* Grid.m */ = {isa = PBXFileReference; lastKnownFileType = sourcecode.c.objc; path = Grid.m; sourceTree = "<group>"; };
/* End PBXFileReference section */

/* Begin PBXFrameworksBuildPhase section */
		807ACF94231D3D8C0054E614 /* Frameworks */ = {
			isa = PBXFrameworksBuildPhase;
			buildActionMask = 2147483647;
			files = (
			);
			runOnlyForDeploymentPostprocessing = 0;
		};
		807ACFAC231D3D8E0054E614 /* Frameworks */ = {
			isa = PBXFrameworksBuildPhase;
			buildActionMask = 2147483647;
			files = (
			);
			runOnlyForDeploymentPostprocessing = 0;
		};
		807ACFB7231D3D8E0054E614 /* Frameworks */ = {
			isa = PBXFrameworksBuildPhase;
			buildActionMask = 2147483647;
			files = (
			);
			runOnlyForDeploymentPostprocessing = 0;
		};
/* End PBXFrameworksBuildPhase section */

/* Begin PBXGroup section */
		807ACF8E231D3D8C0054E614 = {
			isa = PBXGroup;
			children = (
				807ACF99231D3D8C0054E614 /* Matchismo */,
				807ACFB2231D3D8E0054E614 /* MatchismoTests */,
				807ACFBD231D3D8E0054E614 /* MatchismoUITests */,
				807ACF98231D3D8C0054E614 /* Products */,
			);
			sourceTree = "<group>";
		};
		807ACF98231D3D8C0054E614 /* Products */ = {
			isa = PBXGroup;
			children = (
				807ACF97231D3D8C0054E614 /* Matchismo.app */,
				807ACFAF231D3D8E0054E614 /* MatchismoTests.xctest */,
				807ACFBA231D3D8E0054E614 /* MatchismoUITests.xctest */,
			);
			name = Products;
			sourceTree = "<group>";
		};
		807ACF99231D3D8C0054E614 /* Matchismo */ = {
			isa = PBXGroup;
			children = (
				807ACFA0231D3D8C0054E614 /* Main.storyboard */,
				80A848CD2333A13100001FBF /* ViewController.h */,
				80A848CE2333A13100001FBF /* ViewController.m */,
				807ACF9A231D3D8C0054E614 /* AppDelegate.h */,
				807ACF9B231D3D8C0054E614 /* AppDelegate.m */,
				807ACF9D231D3D8C0054E614 /* MatchingGameViewController.h */,
				808880FA232E57D5001CDDAF /* PlayingCardViewController.h */,
				808880FB232E57D5001CDDAF /* PlayingCardViewController.m */,
				808880FD232E667D001CDDAF /* SetViewController.h */,
				808880FE232E667D001CDDAF /* SetViewController.m */,
				807ACF9E231D3D8C0054E614 /* MatchingGameViewController.m */,
				807ACFA3231D3D8E0054E614 /* Assets.xcassets */,
				807ACFA5231D3D8E0054E614 /* LaunchScreen.storyboard */,
				807ACFA8231D3D8E0054E614 /* Info.plist */,
				807ACFA9231D3D8E0054E614 /* main.m */,
				80A848B923339C1C00001FBF /* views */,
				807ACFDF232004740054E614 /* model */,
			);
			path = Matchismo;
			sourceTree = "<group>";
		};
		807ACFB2231D3D8E0054E614 /* MatchismoTests */ = {
			isa = PBXGroup;
			children = (
				807ACFB3231D3D8E0054E614 /* MatchismoTests.m */,
				807ACFB5231D3D8E0054E614 /* Info.plist */,
			);
			path = MatchismoTests;
			sourceTree = "<group>";
		};
		807ACFBD231D3D8E0054E614 /* MatchismoUITests */ = {
			isa = PBXGroup;
			children = (
				807ACFBE231D3D8E0054E614 /* MatchismoUITests.m */,
				807ACFC0231D3D8E0054E614 /* Info.plist */,
			);
			path = MatchismoUITests;
			sourceTree = "<group>";
		};
		807ACFDF232004740054E614 /* model */ = {
			isa = PBXGroup;
			children = (
				808880F6232E4BAB001CDDAF /* games */,
				808880F4232E4B6D001CDDAF /* decks */,
				808880F3232E4B4D001CDDAF /* cards */,
				80BB0457233898F600467075 /* Grid.h */,
				80BB0458233898F600467075 /* Grid.m */,
			);
			path = model;
			sourceTree = "<group>";
		};
		808880F3232E4B4D001CDDAF /* cards */ = {
			isa = PBXGroup;
			children = (
				808880EA2328EB0F001CDDAF /* SetCard.h */,
				807ACFD5231D54C50054E614 /* PlayingCard.h */,
				807ACFCC231D48250054E614 /* Card.h */,
				807ACFCD231D48250054E614 /* Card.m */,
				807ACFD6231D54C50054E614 /* PlayingCard.m */,
				808880EB2328EB0F001CDDAF /* SetCard.m */,
			);
			path = cards;
			sourceTree = "<group>";
		};
		808880F4232E4B6D001CDDAF /* decks */ = {
			isa = PBXGroup;
			children = (
				808880F023291D09001CDDAF /* SetDeck.h */,
				808880F123291D09001CDDAF /* SetDeck.m */,
				807ACFD0231D4C160054E614 /* Deck.m */,
				807ACFCF231D4C160054E614 /* Deck.h */,
				807ACFD8231D6C1C0054E614 /* PlayDeck.h */,
				807ACFD9231D6C1C0054E614 /* PlayDeck.m */,
			);
			path = decks;
			sourceTree = "<group>";
		};
		808880F6232E4BAB001CDDAF /* games */ = {
			isa = PBXGroup;
			children = (
				808880F7232E4CB9001CDDAF /* setGame.h */,
				808880F8232E4CB9001CDDAF /* setGame.m */,
				807ACFDB231FC46B0054E614 /* MatchingGame.h */,
				808880ED2328EBE9001CDDAF /* PlayingCardMatchingGame.h */,
				808880EE2328EBE9001CDDAF /* PlayingCardMatchingGame.m */,
				807ACFDC231FC46B0054E614 /* MatchingGame.m */,
			);
			path = games;
			sourceTree = "<group>";
		};
		80A848B923339C1C00001FBF /* views */ = {
			isa = PBXGroup;
			children = (
				80A848BB23339C2600001FBF /* PlayingCardView.h */,
				80A848BA23339C2600001FBF /* PlayingCardView.m */,
				80A848C423339DC000001FBF /* SetCardView.h */,
				80A848C523339DC000001FBF /* SetCardView.m */,
				80A848D02333AA8A00001FBF /* BasicShapeView.h */,
				80A848D12333AA8A00001FBF /* BasicShapeView.m */,
				80A848C723339E5000001FBF /* CardView.h */,
				80A848C823339E5000001FBF /* CardView.m */,
			);
			path = views;
			sourceTree = "<group>";
		};
/* End PBXGroup section */

/* Begin PBXNativeTarget section */
		807ACF96231D3D8C0054E614 /* Matchismo */ = {
			isa = PBXNativeTarget;
			buildConfigurationList = 807ACFC3231D3D8E0054E614 /* Build configuration list for PBXNativeTarget "Matchismo" */;
			buildPhases = (
				807ACF93231D3D8C0054E614 /* Sources */,
				807ACF94231D3D8C0054E614 /* Frameworks */,
				807ACF95231D3D8C0054E614 /* Resources */,
			);
			buildRules = (
			);
			dependencies = (
			);
			name = Matchismo;
			productName = Matchismo;
			productReference = 807ACF97231D3D8C0054E614 /* Matchismo.app */;
			productType = "com.apple.product-type.application";
		};
		807ACFAE231D3D8E0054E614 /* MatchismoTests */ = {
			isa = PBXNativeTarget;
			buildConfigurationList = 807ACFC6231D3D8E0054E614 /* Build configuration list for PBXNativeTarget "MatchismoTests" */;
			buildPhases = (
				807ACFAB231D3D8E0054E614 /* Sources */,
				807ACFAC231D3D8E0054E614 /* Frameworks */,
				807ACFAD231D3D8E0054E614 /* Resources */,
			);
			buildRules = (
			);
			dependencies = (
				807ACFB1231D3D8E0054E614 /* PBXTargetDependency */,
			);
			name = MatchismoTests;
			productName = MatchismoTests;
			productReference = 807ACFAF231D3D8E0054E614 /* MatchismoTests.xctest */;
			productType = "com.apple.product-type.bundle.unit-test";
		};
		807ACFB9231D3D8E0054E614 /* MatchismoUITests */ = {
			isa = PBXNativeTarget;
			buildConfigurationList = 807ACFC9231D3D8E0054E614 /* Build configuration list for PBXNativeTarget "MatchismoUITests" */;
			buildPhases = (
				807ACFB6231D3D8E0054E614 /* Sources */,
				807ACFB7231D3D8E0054E614 /* Frameworks */,
				807ACFB8231D3D8E0054E614 /* Resources */,
			);
			buildRules = (
			);
			dependencies = (
				807ACFBC231D3D8E0054E614 /* PBXTargetDependency */,
			);
			name = MatchismoUITests;
			productName = MatchismoUITests;
			productReference = 807ACFBA231D3D8E0054E614 /* MatchismoUITests.xctest */;
			productType = "com.apple.product-type.bundle.ui-testing";
		};
/* End PBXNativeTarget section */

/* Begin PBXProject section */
		807ACF8F231D3D8C0054E614 /* Project object */ = {
			isa = PBXProject;
			attributes = {
				LastUpgradeCheck = 1030;
				ORGANIZATIONNAME = "Yekaterina Podiatchev";
				TargetAttributes = {
					807ACF96231D3D8C0054E614 = {
						CreatedOnToolsVersion = 10.3;
					};
					807ACFAE231D3D8E0054E614 = {
						CreatedOnToolsVersion = 10.3;
						TestTargetID = 807ACF96231D3D8C0054E614;
					};
					807ACFB9231D3D8E0054E614 = {
						CreatedOnToolsVersion = 10.3;
						TestTargetID = 807ACF96231D3D8C0054E614;
					};
				};
			};
			buildConfigurationList = 807ACF92231D3D8C0054E614 /* Build configuration list for PBXProject "Matchismo" */;
			compatibilityVersion = "Xcode 9.3";
			developmentRegion = en;
			hasScannedForEncodings = 0;
			knownRegions = (
				en,
				Base,
			);
			mainGroup = 807ACF8E231D3D8C0054E614;
			productRefGroup = 807ACF98231D3D8C0054E614 /* Products */;
			projectDirPath = "";
			projectRoot = "";
			targets = (
				807ACF96231D3D8C0054E614 /* Matchismo */,
				807ACFAE231D3D8E0054E614 /* MatchismoTests */,
				807ACFB9231D3D8E0054E614 /* MatchismoUITests */,
			);
		};
/* End PBXProject section */

/* Begin PBXResourcesBuildPhase section */
		807ACF95231D3D8C0054E614 /* Resources */ = {
			isa = PBXResourcesBuildPhase;
			buildActionMask = 2147483647;
			files = (
				807ACFA7231D3D8E0054E614 /* LaunchScreen.storyboard in Resources */,
				807ACFA4231D3D8E0054E614 /* Assets.xcassets in Resources */,
				807ACFA2231D3D8C0054E614 /* Main.storyboard in Resources */,
			);
			runOnlyForDeploymentPostprocessing = 0;
		};
		807ACFAD231D3D8E0054E614 /* Resources */ = {
			isa = PBXResourcesBuildPhase;
			buildActionMask = 2147483647;
			files = (
			);
			runOnlyForDeploymentPostprocessing = 0;
		};
		807ACFB8231D3D8E0054E614 /* Resources */ = {
			isa = PBXResourcesBuildPhase;
			buildActionMask = 2147483647;
			files = (
			);
			runOnlyForDeploymentPostprocessing = 0;
		};
/* End PBXResourcesBuildPhase section */

/* Begin PBXSourcesBuildPhase section */
		807ACF93231D3D8C0054E614 /* Sources */ = {
			isa = PBXSourcesBuildPhase;
			buildActionMask = 2147483647;
			files = (
				807ACFD7231D54C50054E614 /* PlayingCard.m in Sources */,
				807ACFD1231D4C160054E614 /* Deck.m in Sources */,
				808880EC2328EB0F001CDDAF /* SetCard.m in Sources */,
				808880FC232E57D5001CDDAF /* PlayingCardViewController.m in Sources */,
				808880F9232E4CB9001CDDAF /* setGame.m in Sources */,
				807ACF9F231D3D8C0054E614 /* MatchingGameViewController.m in Sources */,
				80A848D22333AA8A00001FBF /* BasicShapeView.m in Sources */,
				808880FF232E667D001CDDAF /* SetViewController.m in Sources */,
				807ACFAA231D3D8E0054E614 /* main.m in Sources */,
				80A848CF2333A13100001FBF /* ViewController.m in Sources */,
				80A848C923339E5000001FBF /* CardView.m in Sources */,
				80A848C623339DC000001FBF /* SetCardView.m in Sources */,
				807ACF9C231D3D8C0054E614 /* AppDelegate.m in Sources */,
				80A848BC23339C2600001FBF /* PlayingCardView.m in Sources */,
				807ACFCE231D48250054E614 /* Card.m in Sources */,
				80BB0459233898F600467075 /* Grid.m in Sources */,
				807ACFDD231FC46B0054E614 /* MatchingGame.m in Sources */,
				808880F223291D09001CDDAF /* SetDeck.m in Sources */,
				807ACFDA231D6C1C0054E614 /* PlayDeck.m in Sources */,
				808880EF2328EBE9001CDDAF /* PlayingCardMatchingGame.m in Sources */,
			);
			runOnlyForDeploymentPostprocessing = 0;
		};
		807ACFAB231D3D8E0054E614 /* Sources */ = {
			isa = PBXSourcesBuildPhase;
			buildActionMask = 2147483647;
			files = (
				807ACFB4231D3D8E0054E614 /* MatchismoTests.m in Sources */,
			);
			runOnlyForDeploymentPostprocessing = 0;
		};
		807ACFB6231D3D8E0054E614 /* Sources */ = {
			isa = PBXSourcesBuildPhase;
			buildActionMask = 2147483647;
			files = (
				807ACFBF231D3D8E0054E614 /* MatchismoUITests.m in Sources */,
			);
			runOnlyForDeploymentPostprocessing = 0;
		};
/* End PBXSourcesBuildPhase section */

/* Begin PBXTargetDependency section */
		807ACFB1231D3D8E0054E614 /* PBXTargetDependency */ = {
			isa = PBXTargetDependency;
			target = 807ACF96231D3D8C0054E614 /* Matchismo */;
			targetProxy = 807ACFB0231D3D8E0054E614 /* PBXContainerItemProxy */;
		};
		807ACFBC231D3D8E0054E614 /* PBXTargetDependency */ = {
			isa = PBXTargetDependency;
			target = 807ACF96231D3D8C0054E614 /* Matchismo */;
			targetProxy = 807ACFBB231D3D8E0054E614 /* PBXContainerItemProxy */;
		};
/* End PBXTargetDependency section */

/* Begin PBXVariantGroup section */
		807ACFA0231D3D8C0054E614 /* Main.storyboard */ = {
			isa = PBXVariantGroup;
			children = (
				807ACFA1231D3D8C0054E614 /* Base */,
			);
			name = Main.storyboard;
			sourceTree = "<group>";
		};
		807ACFA5231D3D8E0054E614 /* LaunchScreen.storyboard */ = {
			isa = PBXVariantGroup;
			children = (
				807ACFA6231D3D8E0054E614 /* Base */,
			);
			name = LaunchScreen.storyboard;
			sourceTree = "<group>";
		};
/* End PBXVariantGroup section */

/* Begin XCBuildConfiguration section */
		807ACFC1231D3D8E0054E614 /* Debug */ = {
			isa = XCBuildConfiguration;
			buildSettings = {
				ALWAYS_SEARCH_USER_PATHS = NO;
				CLANG_ANALYZER_NONNULL = YES;
				CLANG_ANALYZER_NUMBER_OBJECT_CONVERSION = YES_AGGRESSIVE;
				CLANG_CXX_LANGUAGE_STANDARD = "gnu++14";
				CLANG_CXX_LIBRARY = "libc++";
				CLANG_ENABLE_MODULES = YES;
				CLANG_ENABLE_OBJC_ARC = YES;
				CLANG_ENABLE_OBJC_WEAK = YES;
				CLANG_WARN_BLOCK_CAPTURE_AUTORELEASING = YES;
				CLANG_WARN_BOOL_CONVERSION = YES;
				CLANG_WARN_COMMA = YES;
				CLANG_WARN_CONSTANT_CONVERSION = YES;
				CLANG_WARN_DEPRECATED_OBJC_IMPLEMENTATIONS = YES;
				CLANG_WARN_DIRECT_OBJC_ISA_USAGE = YES_ERROR;
				CLANG_WARN_DOCUMENTATION_COMMENTS = YES;
				CLANG_WARN_EMPTY_BODY = YES;
				CLANG_WARN_ENUM_CONVERSION = YES;
				CLANG_WARN_INFINITE_RECURSION = YES;
				CLANG_WARN_INT_CONVERSION = YES;
				CLANG_WARN_NON_LITERAL_NULL_CONVERSION = YES;
				CLANG_WARN_OBJC_IMPLICIT_RETAIN_SELF = YES;
				CLANG_WARN_OBJC_LITERAL_CONVERSION = YES;
				CLANG_WARN_OBJC_ROOT_CLASS = YES_ERROR;
				CLANG_WARN_RANGE_LOOP_ANALYSIS = YES;
				CLANG_WARN_STRICT_PROTOTYPES = YES;
				CLANG_WARN_SUSPICIOUS_MOVE = YES;
				CLANG_WARN_UNGUARDED_AVAILABILITY = YES_AGGRESSIVE;
				CLANG_WARN_UNREACHABLE_CODE = YES;
				CLANG_WARN__DUPLICATE_METHOD_MATCH = YES;
				CODE_SIGN_IDENTITY = "iPhone Developer";
				COPY_PHASE_STRIP = NO;
				DEBUG_INFORMATION_FORMAT = dwarf;
				ENABLE_STRICT_OBJC_MSGSEND = YES;
				ENABLE_TESTABILITY = YES;
				GCC_C_LANGUAGE_STANDARD = gnu11;
				GCC_DYNAMIC_NO_PIC = NO;
				GCC_NO_COMMON_BLOCKS = YES;
				GCC_OPTIMIZATION_LEVEL = 0;
				GCC_PREPROCESSOR_DEFINITIONS = (
					"DEBUG=1",
					"$(inherited)",
				);
				GCC_WARN_64_TO_32_BIT_CONVERSION = YES;
				GCC_WARN_ABOUT_RETURN_TYPE = YES_ERROR;
				GCC_WARN_UNDECLARED_SELECTOR = YES;
				GCC_WARN_UNINITIALIZED_AUTOS = YES_AGGRESSIVE;
				GCC_WARN_UNUSED_FUNCTION = YES;
				GCC_WARN_UNUSED_VARIABLE = YES;
				IPHONEOS_DEPLOYMENT_TARGET = 12.4;
				MTL_ENABLE_DEBUG_INFO = INCLUDE_SOURCE;
				MTL_FAST_MATH = YES;
				ONLY_ACTIVE_ARCH = YES;
				SDKROOT = iphoneos;
			};
			name = Debug;
		};
		807ACFC2231D3D8E0054E614 /* Release */ = {
			isa = XCBuildConfiguration;
			buildSettings = {
				ALWAYS_SEARCH_USER_PATHS = NO;
				CLANG_ANALYZER_NONNULL = YES;
				CLANG_ANALYZER_NUMBER_OBJECT_CONVERSION = YES_AGGRESSIVE;
				CLANG_CXX_LANGUAGE_STANDARD = "gnu++14";
				CLANG_CXX_LIBRARY = "libc++";
				CLANG_ENABLE_MODULES = YES;
				CLANG_ENABLE_OBJC_ARC = YES;
				CLANG_ENABLE_OBJC_WEAK = YES;
				CLANG_WARN_BLOCK_CAPTURE_AUTORELEASING = YES;
				CLANG_WARN_BOOL_CONVERSION = YES;
				CLANG_WARN_COMMA = YES;
				CLANG_WARN_CONSTANT_CONVERSION = YES;
				CLANG_WARN_DEPRECATED_OBJC_IMPLEMENTATIONS = YES;
				CLANG_WARN_DIRECT_OBJC_ISA_USAGE = YES_ERROR;
				CLANG_WARN_DOCUMENTATION_COMMENTS = YES;
				CLANG_WARN_EMPTY_BODY = YES;
				CLANG_WARN_ENUM_CONVERSION = YES;
				CLANG_WARN_INFINITE_RECURSION = YES;
				CLANG_WARN_INT_CONVERSION = YES;
				CLANG_WARN_NON_LITERAL_NULL_CONVERSION = YES;
				CLANG_WARN_OBJC_IMPLICIT_RETAIN_SELF = YES;
				CLANG_WARN_OBJC_LITERAL_CONVERSION = YES;
				CLANG_WARN_OBJC_ROOT_CLASS = YES_ERROR;
				CLANG_WARN_RANGE_LOOP_ANALYSIS = YES;
				CLANG_WARN_STRICT_PROTOTYPES = YES;
				CLANG_WARN_SUSPICIOUS_MOVE = YES;
				CLANG_WARN_UNGUARDED_AVAILABILITY = YES_AGGRESSIVE;
				CLANG_WARN_UNREACHABLE_CODE = YES;
				CLANG_WARN__DUPLICATE_METHOD_MATCH = YES;
				CODE_SIGN_IDENTITY = "iPhone Developer";
				COPY_PHASE_STRIP = NO;
				DEBUG_INFORMATION_FORMAT = "dwarf-with-dsym";
				ENABLE_NS_ASSERTIONS = NO;
				ENABLE_STRICT_OBJC_MSGSEND = YES;
				GCC_C_LANGUAGE_STANDARD = gnu11;
				GCC_NO_COMMON_BLOCKS = YES;
				GCC_WARN_64_TO_32_BIT_CONVERSION = YES;
				GCC_WARN_ABOUT_RETURN_TYPE = YES_ERROR;
				GCC_WARN_UNDECLARED_SELECTOR = YES;
				GCC_WARN_UNINITIALIZED_AUTOS = YES_AGGRESSIVE;
				GCC_WARN_UNUSED_FUNCTION = YES;
				GCC_WARN_UNUSED_VARIABLE = YES;
				IPHONEOS_DEPLOYMENT_TARGET = 12.4;
				MTL_ENABLE_DEBUG_INFO = NO;
				MTL_FAST_MATH = YES;
				SDKROOT = iphoneos;
				VALIDATE_PRODUCT = YES;
			};
			name = Release;
		};
		807ACFC4231D3D8E0054E614 /* Debug */ = {
			isa = XCBuildConfiguration;
			buildSettings = {
				ASSETCATALOG_COMPILER_APPICON_NAME = AppIcon;
				CODE_SIGN_IDENTITY = "iPhone Developer";
				CODE_SIGN_STYLE = Automatic;
				DEVELOPMENT_TEAM = "";
				INFOPLIST_FILE = Matchismo/Info.plist;
				IPHONEOS_DEPLOYMENT_TARGET = 11.1;
				LD_RUNPATH_SEARCH_PATHS = (
					"$(inherited)",
					"@executable_path/Frameworks",
				);
				PRODUCT_BUNDLE_IDENTIFIER = lightricks.Matchismo;
				PRODUCT_NAME = "$(TARGET_NAME)";
				PROVISIONING_PROFILE_SPECIFIER = "";
				TARGETED_DEVICE_FAMILY = "1,2";
			};
			name = Debug;
		};
		807ACFC5231D3D8E0054E614 /* Release */ = {
			isa = XCBuildConfiguration;
			buildSettings = {
				ASSETCATALOG_COMPILER_APPICON_NAME = AppIcon;
				CODE_SIGN_IDENTITY = "iPhone Developer";
				CODE_SIGN_STYLE = Automatic;
				DEVELOPMENT_TEAM = "";
				INFOPLIST_FILE = Matchismo/Info.plist;
				IPHONEOS_DEPLOYMENT_TARGET = 11.1;
				LD_RUNPATH_SEARCH_PATHS = (
					"$(inherited)",
					"@executable_path/Frameworks",
				);
				PRODUCT_BUNDLE_IDENTIFIER = lightricks.Matchismo;
				PRODUCT_NAME = "$(TARGET_NAME)";
				PROVISIONING_PROFILE_SPECIFIER = "";
				TARGETED_DEVICE_FAMILY = "1,2";
			};
			name = Release;
		};
		807ACFC7231D3D8E0054E614 /* Debug */ = {
			isa = XCBuildConfiguration;
			buildSettings = {
				BUNDLE_LOADER = "$(TEST_HOST)";
				CODE_SIGN_STYLE = Automatic;
				DEVELOPMENT_TEAM = T98BCXYY9J;
				INFOPLIST_FILE = MatchismoTests/Info.plist;
				LD_RUNPATH_SEARCH_PATHS = (
					"$(inherited)",
					"@executable_path/Frameworks",
					"@loader_path/Frameworks",
				);
				PRODUCT_BUNDLE_IDENTIFIER = lightricks.MatchismoTests;
				PRODUCT_NAME = "$(TARGET_NAME)";
				TARGETED_DEVICE_FAMILY = "1,2";
				TEST_HOST = "$(BUILT_PRODUCTS_DIR)/Matchismo.app/Matchismo";
			};
			name = Debug;
		};
		807ACFC8231D3D8E0054E614 /* Release */ = {
			isa = XCBuildConfiguration;
			buildSettings = {
				BUNDLE_LOADER = "$(TEST_HOST)";
				CODE_SIGN_STYLE = Automatic;
				DEVELOPMENT_TEAM = T98BCXYY9J;
				INFOPLIST_FILE = MatchismoTests/Info.plist;
				LD_RUNPATH_SEARCH_PATHS = (
					"$(inherited)",
					"@executable_path/Frameworks",
					"@loader_path/Frameworks",
				);
				PRODUCT_BUNDLE_IDENTIFIER = lightricks.MatchismoTests;
				PRODUCT_NAME = "$(TARGET_NAME)";
				TARGETED_DEVICE_FAMILY = "1,2";
				TEST_HOST = "$(BUILT_PRODUCTS_DIR)/Matchismo.app/Matchismo";
			};
			name = Release;
		};
		807ACFCA231D3D8E0054E614 /* Debug */ = {
			isa = XCBuildConfiguration;
			buildSettings = {
				CODE_SIGN_STYLE = Automatic;
				DEVELOPMENT_TEAM = T98BCXYY9J;
				INFOPLIST_FILE = MatchismoUITests/Info.plist;
				LD_RUNPATH_SEARCH_PATHS = (
					"$(inherited)",
					"@executable_path/Frameworks",
					"@loader_path/Frameworks",
				);
				PRODUCT_BUNDLE_IDENTIFIER = lightricks.MatchismoUITests;
				PRODUCT_NAME = "$(TARGET_NAME)";
				TARGETED_DEVICE_FAMILY = "1,2";
				TEST_TARGET_NAME = Matchismo;
			};
			name = Debug;
		};
		807ACFCB231D3D8E0054E614 /* Release */ = {
			isa = XCBuildConfiguration;
			buildSettings = {
				CODE_SIGN_STYLE = Automatic;
				DEVELOPMENT_TEAM = T98BCXYY9J;
				INFOPLIST_FILE = MatchismoUITests/Info.plist;
				LD_RUNPATH_SEARCH_PATHS = (
					"$(inherited)",
					"@executable_path/Frameworks",
					"@loader_path/Frameworks",
				);
				PRODUCT_BUNDLE_IDENTIFIER = lightricks.MatchismoUITests;
				PRODUCT_NAME = "$(TARGET_NAME)";
				TARGETED_DEVICE_FAMILY = "1,2";
				TEST_TARGET_NAME = Matchismo;
			};
			name = Release;
		};
/* End XCBuildConfiguration section */

/* Begin XCConfigurationList section */
		807ACF92231D3D8C0054E614 /* Build configuration list for PBXProject "Matchismo" */ = {
			isa = XCConfigurationList;
			buildConfigurations = (
				807ACFC1231D3D8E0054E614 /* Debug */,
				807ACFC2231D3D8E0054E614 /* Release */,
			);
			defaultConfigurationIsVisible = 0;
			defaultConfigurationName = Release;
		};
		807ACFC3231D3D8E0054E614 /* Build configuration list for PBXNativeTarget "Matchismo" */ = {
			isa = XCConfigurationList;
			buildConfigurations = (
				807ACFC4231D3D8E0054E614 /* Debug */,
				807ACFC5231D3D8E0054E614 /* Release */,
			);
			defaultConfigurationIsVisible = 0;
			defaultConfigurationName = Release;
		};
		807ACFC6231D3D8E0054E614 /* Build configuration list for PBXNativeTarget "MatchismoTests" */ = {
			isa = XCConfigurationList;
			buildConfigurations = (
				807ACFC7231D3D8E0054E614 /* Debug */,
				807ACFC8231D3D8E0054E614 /* Release */,
			);
			defaultConfigurationIsVisible = 0;
			defaultConfigurationName = Release;
		};
		807ACFC9231D3D8E0054E614 /* Build configuration list for PBXNativeTarget "MatchismoUITests" */ = {
			isa = XCConfigurationList;
			buildConfigurations = (
				807ACFCA231D3D8E0054E614 /* Debug */,
				807ACFCB231D3D8E0054E614 /* Release */,
			);
			defaultConfigurationIsVisible = 0;
			defaultConfigurationName = Release;
		};
/* End XCConfigurationList section */
	};
	rootObject = 807ACF8F231D3D8C0054E614 /* Project object */;
}
